<?xml version="1.0" encoding="utf-8"?>
<Project ToolsVersion="4.0" xmlns="http://schemas.microsoft.com/developer/msbuild/2003">
  <ItemGroup>
    <Filter Include="Файлы исходного кода">
      <UniqueIdentifier>{4FC737F1-C7A5-4376-A066-2A32D752A2FF}</UniqueIdentifier>
      <Extensions>cpp;c;cc;cxx;def;odl;idl;hpj;bat;asm;asmx</Extensions>
    </Filter>
  </ItemGroup>
  <ItemGroup>
    <ClCompile Include="source\WS2812bAnalyzer.cpp">
      <Filter>Файлы исходного кода</Filter>
    </ClCompile>
    <ClCompile Include="source\WS2812bAnalyzerResults.cpp">
      <Filter>Файлы исходного кода</Filter>
    </ClCompile>
    <ClCompile Include="source\WS2812bAnalyzerSettings.cpp">
      <Filter>Файлы исходного кода</Filter>
    </ClCompile>
    <ClCompile Include="source\WS2812bSimulationDataGenerator.cpp">
      <Filter>Файлы исходного кода</Filter>
    </ClCompile>
    <ClCompile Include="source\DBSCAN.cpp">
      <Filter>Файлы исходного кода</Filter>
    </ClCompile>
  </ItemGroup>
  <ItemGroup>
    <ClInclude Include="source\WS2812bAnalyzer.h">
      <Filter>Файлы исходного кода</Filter>
    </ClInclude>
    <ClInclude Include="source\WS2812bAnalyzerResults.h">
      <Filter>Файлы исходного кода</Filter>
    </ClInclude>
    <ClInclude Include="source\WS2812bAnalyzerSettings.h">
      <Filter>Файлы исходного кода</Filter>
    </ClInclude>
    <ClInclude Include="source\WS2812bSimulationDataGenerator.h">
      <Filter>Файлы исходного кода</Filter>
    </ClInclude>
    <ClInclude Include="source\DBSCAN.h">
      <Filter>Файлы исходного кода</Filter>
    </ClInclude>
    <ClInclude Include="source\WS2812bAnalyzerCommon.h">
      <Filter>Файлы исходного кода</Filter>
    </ClInclude>
  </ItemGroup>
</Project>